PODS:
  - Alamofire (5.5.0)
  - BitByteData (2.0.1)
  - CocoaAsyncSocket (7.6.5)
  - CryptoSwift (1.4.3)
  - KeychainAccess (4.2.2)
  - Kingfisher (7.1.2)
  - Moya (15.0.0):
    - Moya/Core (= 15.0.0)
  - Moya/Core (15.0.0):
    - Alamofire (~> 5.0)
  - PLCrashReporter (1.10.1)
  - SQLiteRepairKit (1.2.2):
    - WCDBOptimizedSQLCipher (~> 1.2.0)
  - SWCompression (4.8.0):
    - BitByteData (~> 2.0)
    - SWCompression/BZip2 (= 4.8.0)
    - SWCompression/Deflate (= 4.8.0)
    - SWCompression/GZip (= 4.8.0)
    - SWCompression/LZ4 (= 4.8.0)
    - SWCompression/LZMA (= 4.8.0)
    - SWCompression/LZMA2 (= 4.8.0)
    - SWCompression/SevenZip (= 4.8.0)
    - SWCompression/TAR (= 4.8.0)
    - SWCompression/XZ (= 4.8.0)
    - SWCompression/ZIP (= 4.8.0)
    - SWCompression/Zlib (= 4.8.0)
  - SWCompression/BZip2 (4.8.0):
    - BitByteData (~> 2.0)
  - SWCompression/Deflate (4.8.0):
    - BitByteData (~> 2.0)
  - SWCompression/GZip (4.8.0):
    - BitByteData (~> 2.0)
    - SWCompression/Deflate
  - SWCompression/LZ4 (4.8.0):
    - BitByteData (~> 2.0)
  - SWCompression/LZMA (4.8.0):
    - BitByteData (~> 2.0)
  - SWCompression/LZMA2 (4.8.0):
    - BitByteData (~> 2.0)
    - SWCompression/LZMA
  - SWCompression/SevenZip (4.8.0):
    - BitByteData (~> 2.0)
    - SWCompression/LZMA2
  - SWCompression/TAR (4.8.0):
    - BitByteData (~> 2.0)
  - SWCompression/XZ (4.8.0):
    - BitByteData (~> 2.0)
    - SWCompression/LZMA2
  - SWCompression/ZIP (4.8.0):
    - BitByteData (~> 2.0)
    - SWCompression/Deflate
  - SWCompression/Zlib (4.8.0):
    - BitByteData (~> 2.0)
    - SWCompression/Deflate
  - SwiftProtobuf (1.19.0)
  - SwiftyRSA (1.7.0):
    - SwiftyRSA/ObjC (= 1.7.0)
  - SwiftyRSA/ObjC (1.7.0)
  - WCDB.swift (1.0.8.2):
    - SQLiteRepairKit (~> 1.2.0)
    - WCDBOptimizedSQLCipher (~> 1.2.0)
  - WCDBOptimizedSQLCipher (1.2.1)

DEPENDENCIES:
  - CocoaAsyncSocket
  - CryptoSwift
  - KeychainAccess
  - Kingfisher
  - Moya
  - PLCrashReporter
  - SWCompression
  - SwiftProtobuf
  - SwiftyRSA
  - WCDB.swift

SPEC REPOS:
  https://mirrors.tuna.tsinghua.edu.cn/git/CocoaPods/Specs.git:
    - Alamofire
    - BitByteData
    - CocoaAsyncSocket
    - CryptoSwift
    - KeychainAccess
    - Kingfisher
    - Moya
    - PLCrashReporter
    - SQLiteRepairKit
    - SWCompression
    - SwiftProtobuf
    - SwiftyRSA
    - WCDB.swift
    - WCDBOptimizedSQLCipher

SPEC CHECKSUMS:
  Alamofire: 1c4fb5369c3fe93d2857c780d8bbe09f06f97e7c
  BitByteData: a86c7d4cdcd9e3aa6a995ca9b1625e65fac247cf
  CocoaAsyncSocket: 065fd1e645c7abab64f7a6a2007a48038fdc6a99
  CryptoSwift: a0799ee936271bd2253a006f1e4523df21845000
  KeychainAccess: c0c4f7f38f6fc7bbe58f5702e25f7bd2f65abf51
  Kingfisher: 44ed6a8504763f27bab46163adfac83f5deb240c
  Moya: 138f0573e53411fb3dc17016add0b748dfbd78ee
  PLCrashReporter: b30195e509f07299ea277d1997b3a39449d05698
  SQLiteRepairKit: 35aaae5a8838adb85f5b1eb4d796055be6060a4b
  SWCompression: a01104ffcd91ace10421def49d11fdfc3b82a86c
  SwiftProtobuf: 6ef3f0e422ef90d6605ca20b21a94f6c1324d6b3
  SwiftyRSA: 8c6dd1ea7db1b8dc4fb517a202f88bb1354bc2c6
  WCDB.swift: 05d509d7a0e60fb6e11c34eb7e4027c0fab5849f
  WCDBOptimizedSQLCipher: baf44493b0c7a3d49e97bc5b64a3856f6428ddd1

PODFILE CHECKSUM: 964efa91d75de874ab0b8a36f76cb3713198f428

COCOAPODS: 1.11.2
